PODS:
  - SPPermissions/Core (5.5.8)
  - SPPermissions/Location (5.5.8):
    - SPPermissions/Core

DEPENDENCIES:
  - SPPermissions/Location

SPEC REPOS:
  trunk:
    - SPPermissions

SPEC CHECKSUMS:
  SPPermissions: 77d05b0b8489f4c3faefa47317d5af0179c2bfd1

PODFILE CHECKSUM: 375334d6b34945a44237c1c2cd7dea37127afd19

COCOAPODS: 1.16.2
