{
  "originHash" : "ec87c901a966a0f9f36b764433349d1bbe2a33b446247aade0a1a24f52b49acb",
  "pins" : [
    {
      "identity" : "floatingpanel",
      "kind" : "remoteSourceControl",
      "location" : "https://github.com/scenee/FloatingPanel",
      "state" : {
        "revision" : "7efcc769e0ffe62f530e9276ab26309f758b7cc3",
        "version" : "3.2.2"
      }
    }
  ],
  "version" : 3
}
